<?xml version="1.0" encoding="utf-8"?>
<Project ToolsVersion="4.0" xmlns="http://schemas.microsoft.com/developer/msbuild/2003">
  <ItemGroup>
    <Filter Include="Test Files">
      <UniqueIdentifier>{B2A1F22E-7C08-4B7D-8E0A-4E1B0D2F0C11}</UniqueIdentifier>
      <Extensions>cpp;c;cc;cxx;h;hh;hpp;hxx</Extensions>
    </Filter>
    <Filter Include="Source Files">
      <UniqueIdentifier>{4FC737F1-C7A5-4376-A066-2A32D752A2FF}</UniqueIdentifier>
      <Extensions>cpp;c;cc;cxx;def;odl;idl;hpj;bat;asm;asmx</Extensions>
    </Filter>
    <Filter Include="Source Files\Common\Util">
      <UniqueIdentifier>{A1C0E001-0007-4000-8000-000000000007}</UniqueIdentifier>
    </Filter>
    <Filter Include="Source Files\Common\Settings">
      <UniqueIdentifier>{A1C0E001-0008-4000-8000-000000000008}</UniqueIdentifier>
    </Filter>
    <Filter Include="Source Files\Common\Session">
      <UniqueIdentifier>{A1C0E001-0009-4000-8000-000000000009}</UniqueIdentifier>
    </Filter>
    <Filter Include="Source Files\Common\Extension">
      <UniqueIdentifier>{A1C0E001-000A-4000-8000-00000000000A}</UniqueIdentifier>
    </Filter>
    <Filter Include="Source Files\Common\Appearance">
      <UniqueIdentifier>{A1C0E001-000B-4000-8000-00000000000B}</UniqueIdentifier>
    </Filter>
  </ItemGroup>
  <ItemGroup>
    <ClCompile Include="unit_test\UnitTestMain.cpp">
      <Filter>Test Files</Filter>
    </ClCompile>
    <ClCompile Include="unit_test\TestDshEventParser.cpp">
      <Filter>Test Files</Filter>
    </ClCompile>
    <ClCompile Include="unit_test\TestCodeHighlighter.cpp">
      <Filter>Test Files</Filter>
    </ClCompile>
    <ClCompile Include="unit_test\TestHistoryManager.cpp">
      <Filter>Test Files</Filter>
    </ClCompile>
    <ClCompile Include="unit_test\TestMarkdownPreprocess.cpp">
      <Filter>Test Files</Filter>
    </ClCompile>
    <ClCompile Include="unit_test\TestThunk.cpp">
      <Filter>Test Files</Filter>
    </ClCompile>
    <ClCompile Include="unit_test\TestSessionCatalog.cpp">
      <Filter>Test Files</Filter>
    </ClCompile>
    <ClCompile Include="unit_test\TestPluginMarketModel.cpp">
      <Filter>Test Files</Filter>
    </ClCompile>
    <ClCompile Include="unit_test\TestModelSelection.cpp">
      <Filter>Test Files</Filter>
    </ClCompile>
    <ClCompile Include="unit_test\TestDshApiClient.cpp">
      <Filter>Test Files</Filter>
    </ClCompile>
    <ClCompile Include="unit_test\TestSessionPrefetcher.cpp">
      <Filter>Test Files</Filter>
    </ClCompile>
    <ClCompile Include="unit_test\TestSettingsStore.cpp">
      <Filter>Test Files</Filter>
    </ClCompile>
    <ClCompile Include="unit_test\TestClientSettings.cpp">
      <Filter>Test Files</Filter>
    </ClCompile>
    <ClCompile Include="unit_test\TestLogger.cpp">
      <Filter>Test Files</Filter>
    </ClCompile>
    <ClCompile Include="unit_test\TestTranslationManager.cpp">
      <Filter>Test Files</Filter>
    </ClCompile>
    <ClCompile Include="unit_test\TestServerManager.cpp">
      <Filter>Test Files</Filter>
    </ClCompile>
    <ClCompile Include="src\network\DshEventParser.cpp">
      <Filter>Source Files</Filter>
    </ClCompile>
    <ClCompile Include="src\common\util\CodeHighlighter.cpp">
      <Filter>Source Files\Common\Util</Filter>
    </ClCompile>
    <ClCompile Include="src\common\util\MarkdownPreprocess.cpp">
      <Filter>Source Files\Common\Util</Filter>
    </ClCompile>
    <ClCompile Include="src\common\session\SessionCatalog.cpp">
      <Filter>Source Files\Common\Session</Filter>
    </ClCompile>
    <ClCompile Include="src\common\extension\PluginMarketModel.cpp">
      <Filter>Source Files\Common\Extension</Filter>
    </ClCompile>
    <ClCompile Include="src\network\DshApiClient.cpp">
      <Filter>Source Files</Filter>
    </ClCompile>
    <ClCompile Include="src\network\SessionPrefetcher.cpp">
      <Filter>Source Files</Filter>
    </ClCompile>
    <ClCompile Include="src\common\settings\SettingsStore.cpp">
      <Filter>Source Files\Common\Settings</Filter>
    </ClCompile>
    <ClCompile Include="src\common\session\AgentPresetService.cpp">
      <Filter>Source Files\Common\Session</Filter>
    </ClCompile>
    <ClCompile Include="src\common\settings\ClientSettings.cpp">
      <Filter>Source Files\Common\Settings</Filter>
    </ClCompile>
    <ClCompile Include="src\common\extension\ExtensionRegistry.cpp">
      <Filter>Source Files\Common\Extension</Filter>
    </ClCompile>
    <ClCompile Include="src\common\util\Logger.cpp">
      <Filter>Source Files\Common\Util</Filter>
    </ClCompile>
    <ClCompile Include="src\common\Appearance\TranslationManager.cpp">
      <Filter>Source Files\Common\Appearance</Filter>
    </ClCompile>
    <ClCompile Include="src\core\ServerManager.cpp">
      <Filter>Source Files</Filter>
    </ClCompile>
  </ItemGroup>
  <ItemGroup>
    <QtMoc Include="unit_test\TestDshEventParser.h">
      <Filter>Test Files</Filter>
    </QtMoc>
    <QtMoc Include="unit_test\TestCodeHighlighter.h">
      <Filter>Test Files</Filter>
    </QtMoc>
    <QtMoc Include="unit_test\TestHistoryManager.h">
      <Filter>Test Files</Filter>
    </QtMoc>
    <QtMoc Include="unit_test\TestMarkdownPreprocess.h">
      <Filter>Test Files</Filter>
    </QtMoc>
    <QtMoc Include="unit_test\TestThunk.h">
      <Filter>Test Files</Filter>
    </QtMoc>
    <QtMoc Include="unit_test\TestSessionCatalog.h">
      <Filter>Test Files</Filter>
    </QtMoc>
    <QtMoc Include="unit_test\TestPluginMarketModel.h">
      <Filter>Test Files</Filter>
    </QtMoc>
    <QtMoc Include="unit_test\TestModelSelection.h">
      <Filter>Test Files</Filter>
    </QtMoc>
    <QtMoc Include="unit_test\TestDshApiClient.h">
      <Filter>Test Files</Filter>
    </QtMoc>
    <QtMoc Include="unit_test\TestSessionPrefetcher.h">
      <Filter>Test Files</Filter>
    </QtMoc>
    <QtMoc Include="unit_test\TestSettingsStore.h">
      <Filter>Test Files</Filter>
    </QtMoc>
    <QtMoc Include="unit_test\TestClientSettings.h">
      <Filter>Test Files</Filter>
    </QtMoc>
    <QtMoc Include="unit_test\TestLogger.h">
      <Filter>Test Files</Filter>
    </QtMoc>
    <QtMoc Include="unit_test\TestTranslationManager.h">
      <Filter>Test Files</Filter>
    </QtMoc>
    <QtMoc Include="unit_test\TestServerManager.h">
      <Filter>Test Files</Filter>
    </QtMoc>
  </ItemGroup>
</Project>
